
Microsoft Visual Studio Solution File, Format Version 12.00
# Visual Studio Version 17
VisualStudioVersion = 17.3.32819.101
MinimumVisualStudioVersion = 10.0.40219.1
Project("{FAE04EC0-301F-11D3-BF4B-00C04F79EFBC}") = "FirebasePushNotificationApi", "FirebasePushNotificationApi.csproj", "{4C4F7863-608D-4885-BDA1-FFF47A2D42CB}"
EndProject
Global
	GlobalSection(SolutionConfigurationPlatforms) = preSolution
		Debug|Any CPU = Debug|Any CPU
		Release|Any CPU = Release|Any CPU
	EndGlobalSection
	GlobalSection(ProjectConfigurationPlatforms) = postSolution
		{4C4F7863-608D-4885-BDA1-FFF47A2D42CB}.Debug|Any CPU.ActiveCfg = Debug|Any CPU
		{4C4F7863-608D-4885-BDA1-FFF47A2D42CB}.Debug|Any CPU.Build.0 = Debug|Any CPU
		{4C4F7863-608D-4885-BDA1-FFF47A2D42CB}.Release|Any CPU.ActiveCfg = Release|Any CPU
		{4C4F7863-608D-4885-BDA1-FFF47A2D42CB}.Release|Any CPU.Build.0 = Release|Any CPU
	EndGlobalSection
	GlobalSection(SolutionProperties) = preSolution
		HideSolutionNode = FALSE
	EndGlobalSection
	GlobalSection(ExtensibilityGlobals) = postSolution
		SolutionGuid = {FBCCA618-B8B7-4D2B-9712-33CF543CC382}
	EndGlobalSection
EndGlobal
